# This file is automatically @generated by Poetry 1.4.2 and should not be changed by hand.

[[package]]
name = "wisepy2"
version = "1.4.1"
description = "simple CLI framework"
category = "main"
optional = false
python-versions = "*"
files = [
    {file = "wisepy2-1.4.1-py3-none-any.whl", hash = "sha256:522f68f1a2be0657548e6431fcb6e20a819fad1054d010a7dcc0b1a7e7adc7d3"},
]

[metadata]
lock-version = "2.0"
python-versions = "^3.10"
content-hash = "5ab34cfe8ad5f143ae910c2e0e3d752e2d92c40adff3274c13272269db3d923a"
